
Microsoft Visual Studio Solution File, Format Version 12.00
# Visual Studio Version 17
VisualStudioVersion = 17.10.35004.147
MinimumVisualStudioVersion = 10.0.40219.1
Project("{FAE04EC0-301F-11D3-BF4B-00C04F79EFBC}") = "hw_13_06_2024", "hw_13_06_2024\hw_13_06_2024.csproj", "{8950E0D3-421B-4A7F-937A-F55B1C31EF4F}"
EndProject
Global
	GlobalSection(SolutionConfigurationPlatforms) = preSolution
		Debug|Any CPU = Debug|Any CPU
		Release|Any CPU = Release|Any CPU
	EndGlobalSection
	GlobalSection(ProjectConfigurationPlatforms) = postSolution
		{8950E0D3-421B-4A7F-937A-F55B1C31EF4F}.Debug|Any CPU.ActiveCfg = Debug|Any CPU
		{8950E0D3-421B-4A7F-937A-F55B1C31EF4F}.Debug|Any CPU.Build.0 = Debug|Any CPU
		{8950E0D3-421B-4A7F-937A-F55B1C31EF4F}.Release|Any CPU.ActiveCfg = Release|Any CPU
		{8950E0D3-421B-4A7F-937A-F55B1C31EF4F}.Release|Any CPU.Build.0 = Release|Any CPU
	EndGlobalSection
	GlobalSection(SolutionProperties) = preSolution
		HideSolutionNode = FALSE
	EndGlobalSection
	GlobalSection(ExtensibilityGlobals) = postSolution
		SolutionGuid = {E6A02D32-8305-4E5D-87EB-04925D66DD31}
	EndGlobalSection
EndGlobal
